// !$*UTF8*$!
{
	archiveVersion = 1;
	classes = {
	};
	objectVersion = 46;
	objects = {

/* Begin PBXBuildFile section */
		F29F75E11C61459600A6F6DA /* AppDelegate.swift in Sources */ = {isa = PBXBuildFile; fileRef = F29F75E01C61459600A6F6DA /* AppDelegate.swift */; };
		F29F75E31C61459600A6F6DA /* SearchViewController.swift in Sources */ = {isa = PBXBuildFile; fileRef = F29F75E21C61459600A6F6DA /* SearchViewController.swift */; };
		F29F75E61C61459600A6F6DA /* Main.storyboard in Resources */ = {isa = PBXBuildFile; fileRef = F29F75E41C61459600A6F6DA /* Main.storyboard */; };
		F29F75E81C61459600A6F6DA /* Assets.xcassets in Resources */ = {isa = PBXBuildFile; fileRef = F29F75E71C61459600A6F6DA /* Assets.xcassets */; };
		F29F75F31C63EFAF00A6F6DA /* SearchResult.swift in Sources */ = {isa = PBXBuildFile; fileRef = F29F75F21C63EFAF00A6F6DA /* SearchResult.swift */; settings = {ASSET_TAGS = (); }; };
		F29F75F71C652CAF00A6F6DA /* SearchResultCell.swift in Sources */ = {isa = PBXBuildFile; fileRef = F29F75F61C652CAF00A6F6DA /* SearchResultCell.swift */; settings = {ASSET_TAGS = (); }; };
		F29F75FD1C7F876C00A6F6DA /* UIImageView+DownloadImage.swift in Sources */ = {isa = PBXBuildFile; fileRef = F29F75FC1C7F876C00A6F6DA /* UIImageView+DownloadImage.swift */; settings = {ASSET_TAGS = (); }; };
		F29F75FF1C82448E00A6F6DA /* DetailViewController.swift in Sources */ = {isa = PBXBuildFile; fileRef = F29F75FE1C82448E00A6F6DA /* DetailViewController.swift */; settings = {ASSET_TAGS = (); }; };
		F29F76011C8A05E900A6F6DA /* DimmingPresentationController.swift in Sources */ = {isa = PBXBuildFile; fileRef = F29F76001C8A05E900A6F6DA /* DimmingPresentationController.swift */; settings = {ASSET_TAGS = (); }; };
		F29F76031C8B5BD100A6F6DA /* GradientView.swift in Sources */ = {isa = PBXBuildFile; fileRef = F29F76021C8B5BD100A6F6DA /* GradientView.swift */; settings = {ASSET_TAGS = (); }; };
		F29F76051C8DC46800A6F6DA /* BounceAnimationController.swift in Sources */ = {isa = PBXBuildFile; fileRef = F29F76041C8DC46800A6F6DA /* BounceAnimationController.swift */; settings = {ASSET_TAGS = (); }; };
		F29F76071C8DC8F000A6F6DA /* SlideOutAnimationController.swift in Sources */ = {isa = PBXBuildFile; fileRef = F29F76061C8DC8F000A6F6DA /* SlideOutAnimationController.swift */; settings = {ASSET_TAGS = (); }; };
		F29F76091C8F1B2800A6F6DA /* LandscapeViewController.swift in Sources */ = {isa = PBXBuildFile; fileRef = F29F76081C8F1B2800A6F6DA /* LandscapeViewController.swift */; settings = {ASSET_TAGS = (); }; };
		F29F760B1C909E7A00A6F6DA /* FadeOutAnimationController.swift in Sources */ = {isa = PBXBuildFile; fileRef = F29F760A1C909E7A00A6F6DA /* FadeOutAnimationController.swift */; settings = {ASSET_TAGS = (); }; };
		F29F760D1C93249300A6F6DA /* Search.swift in Sources */ = {isa = PBXBuildFile; fileRef = F29F760C1C93249300A6F6DA /* Search.swift */; settings = {ASSET_TAGS = (); }; };
		F2E824BA1C9474D800CA18A4 /* NothingFoundCell.xib in Resources */ = {isa = PBXBuildFile; fileRef = F2E824BC1C9474D800CA18A4 /* NothingFoundCell.xib */; };
		F2E824BE1C94789700CA18A4 /* LoadingCell.xib in Resources */ = {isa = PBXBuildFile; fileRef = F2E824C01C94789700CA18A4 /* LoadingCell.xib */; };
		F2E824C51C947AD000CA18A4 /* SearchResultCell.xib in Resources */ = {isa = PBXBuildFile; fileRef = F2E824C71C947AD000CA18A4 /* SearchResultCell.xib */; };
		F2E824CA1C94A71D00CA18A4 /* Localizable.strings in Resources */ = {isa = PBXBuildFile; fileRef = F2E824C81C94A71D00CA18A4 /* Localizable.strings */; settings = {ASSET_TAGS = (); }; };
		F2E824CF1C95C8B000CA18A4 /* InfoPlist.strings in Resources */ = {isa = PBXBuildFile; fileRef = F2E824D11C95C8B000CA18A4 /* InfoPlist.strings */; };
		F2E824D41CA72D7F00CA18A4 /* MenuViewController.swift in Sources */ = {isa = PBXBuildFile; fileRef = F2E824D31CA72D7F00CA18A4 /* MenuViewController.swift */; settings = {ASSET_TAGS = (); }; };
/* End PBXBuildFile section */

/* Begin PBXFileReference section */
		F29F75DD1C61459600A6F6DA /* StoreSearch.app */ = {isa = PBXFileReference; explicitFileType = wrapper.application; includeInIndex = 0; path = StoreSearch.app; sourceTree = BUILT_PRODUCTS_DIR; };
		F29F75E01C61459600A6F6DA /* AppDelegate.swift */ = {isa = PBXFileReference; lastKnownFileType = sourcecode.swift; path = AppDelegate.swift; sourceTree = "<group>"; };
		F29F75E21C61459600A6F6DA /* SearchViewController.swift */ = {isa = PBXFileReference; lastKnownFileType = sourcecode.swift; path = SearchViewController.swift; sourceTree = "<group>"; };
		F29F75E51C61459600A6F6DA /* Base */ = {isa = PBXFileReference; lastKnownFileType = file.storyboard; name = Base; path = Base.lproj/Main.storyboard; sourceTree = "<group>"; };
		F29F75E71C61459600A6F6DA /* Assets.xcassets */ = {isa = PBXFileReference; lastKnownFileType = folder.assetcatalog; path = Assets.xcassets; sourceTree = "<group>"; };
		F29F75EC1C61459600A6F6DA /* Info.plist */ = {isa = PBXFileReference; lastKnownFileType = text.plist.xml; path = Info.plist; sourceTree = "<group>"; };
		F29F75F21C63EFAF00A6F6DA /* SearchResult.swift */ = {isa = PBXFileReference; fileEncoding = 4; lastKnownFileType = sourcecode.swift; path = SearchResult.swift; sourceTree = "<group>"; };
		F29F75F61C652CAF00A6F6DA /* SearchResultCell.swift */ = {isa = PBXFileReference; fileEncoding = 4; lastKnownFileType = sourcecode.swift; path = SearchResultCell.swift; sourceTree = "<group>"; };
		F29F75FC1C7F876C00A6F6DA /* UIImageView+DownloadImage.swift */ = {isa = PBXFileReference; fileEncoding = 4; lastKnownFileType = sourcecode.swift; path = "UIImageView+DownloadImage.swift"; sourceTree = "<group>"; };
		F29F75FE1C82448E00A6F6DA /* DetailViewController.swift */ = {isa = PBXFileReference; fileEncoding = 4; lastKnownFileType = sourcecode.swift; path = DetailViewController.swift; sourceTree = "<group>"; };
		F29F76001C8A05E900A6F6DA /* DimmingPresentationController.swift */ = {isa = PBXFileReference; fileEncoding = 4; lastKnownFileType = sourcecode.swift; path = DimmingPresentationController.swift; sourceTree = "<group>"; };
		F29F76021C8B5BD100A6F6DA /* GradientView.swift */ = {isa = PBXFileReference; fileEncoding = 4; lastKnownFileType = sourcecode.swift; path = GradientView.swift; sourceTree = "<group>"; };
		F29F76041C8DC46800A6F6DA /* BounceAnimationController.swift */ = {isa = PBXFileReference; fileEncoding = 4; lastKnownFileType = sourcecode.swift; path = BounceAnimationController.swift; sourceTree = "<group>"; };
		F29F76061C8DC8F000A6F6DA /* SlideOutAnimationController.swift */ = {isa = PBXFileReference; fileEncoding = 4; lastKnownFileType = sourcecode.swift; path = SlideOutAnimationController.swift; sourceTree = "<group>"; };
		F29F76081C8F1B2800A6F6DA /* LandscapeViewController.swift */ = {isa = PBXFileReference; fileEncoding = 4; lastKnownFileType = sourcecode.swift; path = LandscapeViewController.swift; sourceTree = "<group>"; };
		F29F760A1C909E7A00A6F6DA /* FadeOutAnimationController.swift */ = {isa = PBXFileReference; fileEncoding = 4; lastKnownFileType = sourcecode.swift; path = FadeOutAnimationController.swift; sourceTree = "<group>"; };
		F29F760C1C93249300A6F6DA /* Search.swift */ = {isa = PBXFileReference; fileEncoding = 4; lastKnownFileType = sourcecode.swift; path = Search.swift; sourceTree = "<group>"; };
		F2E824BB1C9474D800CA18A4 /* en */ = {isa = PBXFileReference; lastKnownFileType = file.xib; name = en; path = en.lproj/NothingFoundCell.xib; sourceTree = "<group>"; };
		F2E824BD1C94758300CA18A4 /* nl */ = {isa = PBXFileReference; lastKnownFileType = file.xib; name = nl; path = nl.lproj/NothingFoundCell.xib; sourceTree = "<group>"; };
		F2E824BF1C94789700CA18A4 /* Base */ = {isa = PBXFileReference; lastKnownFileType = file.xib; name = Base; path = Base.lproj/LoadingCell.xib; sourceTree = "<group>"; };
		F2E824C21C9478CA00CA18A4 /* nl */ = {isa = PBXFileReference; lastKnownFileType = text.plist.strings; name = nl; path = nl.lproj/LoadingCell.strings; sourceTree = "<group>"; };
		F2E824C41C9479D300CA18A4 /* nl */ = {isa = PBXFileReference; lastKnownFileType = text.plist.strings; name = nl; path = nl.lproj/Main.strings; sourceTree = "<group>"; };
		F2E824C61C947AD000CA18A4 /* Base */ = {isa = PBXFileReference; lastKnownFileType = file.xib; name = Base; path = Base.lproj/SearchResultCell.xib; sourceTree = "<group>"; };
		F2E824C91C94A71D00CA18A4 /* en */ = {isa = PBXFileReference; lastKnownFileType = text.plist.strings; name = en; path = en.lproj/Localizable.strings; sourceTree = "<group>"; };
		F2E824CC1C94CC2300CA18A4 /* nl */ = {isa = PBXFileReference; lastKnownFileType = text.plist.strings; name = nl; path = nl.lproj/Localizable.strings; sourceTree = "<group>"; };
		F2E824D01C95C8B000CA18A4 /* Base */ = {isa = PBXFileReference; lastKnownFileType = text.plist.strings; name = Base; path = Base.lproj/InfoPlist.strings; sourceTree = "<group>"; };
		F2E824D21C95C8B300CA18A4 /* nl */ = {isa = PBXFileReference; lastKnownFileType = text.plist.strings; name = nl; path = nl.lproj/InfoPlist.strings; sourceTree = "<group>"; };
		F2E824D31CA72D7F00CA18A4 /* MenuViewController.swift */ = {isa = PBXFileReference; fileEncoding = 4; lastKnownFileType = sourcecode.swift; path = MenuViewController.swift; sourceTree = "<group>"; };
/* End PBXFileReference section */

/* Begin PBXFrameworksBuildPhase section */
		F29F75DA1C61459600A6F6DA /* Frameworks */ = {
			isa = PBXFrameworksBuildPhase;
			buildActionMask = 2147483647;
			files = (
			);
			runOnlyForDeploymentPostprocessing = 0;
		};
/* End PBXFrameworksBuildPhase section */

/* Begin PBXGroup section */
		F29F75D41C61459600A6F6DA = {
			isa = PBXGroup;
			children = (
				F29F75DF1C61459600A6F6DA /* StoreSearch */,
				F29F75DE1C61459600A6F6DA /* Products */,
			);
			sourceTree = "<group>";
		};
		F29F75DE1C61459600A6F6DA /* Products */ = {
			isa = PBXGroup;
			children = (
				F29F75DD1C61459600A6F6DA /* StoreSearch.app */,
			);
			name = Products;
			sourceTree = "<group>";
		};
		F29F75DF1C61459600A6F6DA /* StoreSearch */ = {
			isa = PBXGroup;
			children = (
				F2E824C81C94A71D00CA18A4 /* Localizable.strings */,
				F29F75E01C61459600A6F6DA /* AppDelegate.swift */,
				F29F75E21C61459600A6F6DA /* SearchViewController.swift */,
				F29F75E41C61459600A6F6DA /* Main.storyboard */,
				F29F75E71C61459600A6F6DA /* Assets.xcassets */,
				F29F75EC1C61459600A6F6DA /* Info.plist */,
				F29F75F21C63EFAF00A6F6DA /* SearchResult.swift */,
				F2E824C71C947AD000CA18A4 /* SearchResultCell.xib */,
				F29F75F61C652CAF00A6F6DA /* SearchResultCell.swift */,
				F2E824BC1C9474D800CA18A4 /* NothingFoundCell.xib */,
				F2E824C01C94789700CA18A4 /* LoadingCell.xib */,
				F29F75FC1C7F876C00A6F6DA /* UIImageView+DownloadImage.swift */,
				F29F75FE1C82448E00A6F6DA /* DetailViewController.swift */,
				F29F76001C8A05E900A6F6DA /* DimmingPresentationController.swift */,
				F29F76021C8B5BD100A6F6DA /* GradientView.swift */,
				F29F76041C8DC46800A6F6DA /* BounceAnimationController.swift */,
				F29F76061C8DC8F000A6F6DA /* SlideOutAnimationController.swift */,
				F29F76081C8F1B2800A6F6DA /* LandscapeViewController.swift */,
				F29F760A1C909E7A00A6F6DA /* FadeOutAnimationController.swift */,
				F29F760C1C93249300A6F6DA /* Search.swift */,
				F2E824D31CA72D7F00CA18A4 /* MenuViewController.swift */,
				F2E824D11C95C8B000CA18A4 /* InfoPlist.strings */,
			);
			path = StoreSearch;
			sourceTree = "<group>";
		};
/* End PBXGroup section */

/* Begin PBXNativeTarget section */
		F29F75DC1C61459600A6F6DA /* StoreSearch */ = {
			isa = PBXNativeTarget;
			buildConfigurationList = F29F75EF1C61459600A6F6DA /* Build configuration list for PBXNativeTarget "StoreSearch" */;
			buildPhases = (
				F29F75D91C61459600A6F6DA /* Sources */,
				F29F75DA1C61459600A6F6DA /* Frameworks */,
				F29F75DB1C61459600A6F6DA /* Resources */,
			);
			buildRules = (
			);
			dependencies = (
			);
			name = StoreSearch;
			productName = StoreSearch;
			productReference = F29F75DD1C61459600A6F6DA /* StoreSearch.app */;
			productType = "com.apple.product-type.application";
		};
/* End PBXNativeTarget section */

/* Begin PBXProject section */
		F29F75D51C61459600A6F6DA /* Project object */ = {
			isa = PBXProject;
			attributes = {
				LastUpgradeCheck = 0700;
				ORGANIZATIONNAME = "Shehab Saqib";
				TargetAttributes = {
					F29F75DC1C61459600A6F6DA = {
						CreatedOnToolsVersion = 7.0.1;
					};
				};
			};
			buildConfigurationList = F29F75D81C61459600A6F6DA /* Build configuration list for PBXProject "StoreSearch" */;
			compatibilityVersion = "Xcode 3.2";
			developmentRegion = English;
			hasScannedForEncodings = 0;
			knownRegions = (
				en,
				Base,
				nl,
			);
			mainGroup = F29F75D41C61459600A6F6DA;
			productRefGroup = F29F75DE1C61459600A6F6DA /* Products */;
			projectDirPath = "";
			projectRoot = "";
			targets = (
				F29F75DC1C61459600A6F6DA /* StoreSearch */,
			);
		};
/* End PBXProject section */

/* Begin PBXResourcesBuildPhase section */
		F29F75DB1C61459600A6F6DA /* Resources */ = {
			isa = PBXResourcesBuildPhase;
			buildActionMask = 2147483647;
			files = (
				F29F75E81C61459600A6F6DA /* Assets.xcassets in Resources */,
				F2E824CF1C95C8B000CA18A4 /* InfoPlist.strings in Resources */,
				F2E824CA1C94A71D00CA18A4 /* Localizable.strings in Resources */,
				F2E824BE1C94789700CA18A4 /* LoadingCell.xib in Resources */,
				F2E824C51C947AD000CA18A4 /* SearchResultCell.xib in Resources */,
				F2E824BA1C9474D800CA18A4 /* NothingFoundCell.xib in Resources */,
				F29F75E61C61459600A6F6DA /* Main.storyboard in Resources */,
			);
			runOnlyForDeploymentPostprocessing = 0;
		};
/* End PBXResourcesBuildPhase section */

/* Begin PBXSourcesBuildPhase section */
		F29F75D91C61459600A6F6DA /* Sources */ = {
			isa = PBXSourcesBuildPhase;
			buildActionMask = 2147483647;
			files = (
				F29F760D1C93249300A6F6DA /* Search.swift in Sources */,
				F29F75E31C61459600A6F6DA /* SearchViewController.swift in Sources */,
				F29F76011C8A05E900A6F6DA /* DimmingPresentationController.swift in Sources */,
				F2E824D41CA72D7F00CA18A4 /* MenuViewController.swift in Sources */,
				F29F760B1C909E7A00A6F6DA /* FadeOutAnimationController.swift in Sources */,
				F29F75F31C63EFAF00A6F6DA /* SearchResult.swift in Sources */,
				F29F75F71C652CAF00A6F6DA /* SearchResultCell.swift in Sources */,
				F29F76051C8DC46800A6F6DA /* BounceAnimationController.swift in Sources */,
				F29F76091C8F1B2800A6F6DA /* LandscapeViewController.swift in Sources */,
				F29F75FF1C82448E00A6F6DA /* DetailViewController.swift in Sources */,
				F29F75E11C61459600A6F6DA /* AppDelegate.swift in Sources */,
				F29F76031C8B5BD100A6F6DA /* GradientView.swift in Sources */,
				F29F75FD1C7F876C00A6F6DA /* UIImageView+DownloadImage.swift in Sources */,
				F29F76071C8DC8F000A6F6DA /* SlideOutAnimationController.swift in Sources */,
			);
			runOnlyForDeploymentPostprocessing = 0;
		};
/* End PBXSourcesBuildPhase section */

/* Begin PBXVariantGroup section */
		F29F75E41C61459600A6F6DA /* Main.storyboard */ = {
			isa = PBXVariantGroup;
			children = (
				F29F75E51C61459600A6F6DA /* Base */,
				F2E824C41C9479D300CA18A4 /* nl */,
			);
			name = Main.storyboard;
			sourceTree = "<group>";
		};
		F2E824BC1C9474D800CA18A4 /* NothingFoundCell.xib */ = {
			isa = PBXVariantGroup;
			children = (
				F2E824BB1C9474D800CA18A4 /* en */,
				F2E824BD1C94758300CA18A4 /* nl */,
			);
			name = NothingFoundCell.xib;
			sourceTree = "<group>";
		};
		F2E824C01C94789700CA18A4 /* LoadingCell.xib */ = {
			isa = PBXVariantGroup;
			children = (
				F2E824BF1C94789700CA18A4 /* Base */,
				F2E824C21C9478CA00CA18A4 /* nl */,
			);
			name = LoadingCell.xib;
			sourceTree = "<group>";
		};
		F2E824C71C947AD000CA18A4 /* SearchResultCell.xib */ = {
			isa = PBXVariantGroup;
			children = (
				F2E824C61C947AD000CA18A4 /* Base */,
			);
			name = SearchResultCell.xib;
			sourceTree = "<group>";
		};
		F2E824C81C94A71D00CA18A4 /* Localizable.strings */ = {
			isa = PBXVariantGroup;
			children = (
				F2E824C91C94A71D00CA18A4 /* en */,
				F2E824CC1C94CC2300CA18A4 /* nl */,
			);
			name = Localizable.strings;
			sourceTree = "<group>";
		};
		F2E824D11C95C8B000CA18A4 /* InfoPlist.strings */ = {
			isa = PBXVariantGroup;
			children = (
				F2E824D01C95C8B000CA18A4 /* Base */,
				F2E824D21C95C8B300CA18A4 /* nl */,
			);
			name = InfoPlist.strings;
			sourceTree = "<group>";
		};
/* End PBXVariantGroup section */

/* Begin XCBuildConfiguration section */
		F29F75ED1C61459600A6F6DA /* Debug */ = {
			isa = XCBuildConfiguration;
			buildSettings = {
				ALWAYS_SEARCH_USER_PATHS = NO;
				CLANG_CXX_LANGUAGE_STANDARD = "gnu++0x";
				CLANG_CXX_LIBRARY = "libc++";
				CLANG_ENABLE_MODULES = YES;
				CLANG_ENABLE_OBJC_ARC = YES;
				CLANG_WARN_BOOL_CONVERSION = YES;
				CLANG_WARN_CONSTANT_CONVERSION = YES;
				CLANG_WARN_DIRECT_OBJC_ISA_USAGE = YES_ERROR;
				CLANG_WARN_EMPTY_BODY = YES;
				CLANG_WARN_ENUM_CONVERSION = YES;
				CLANG_WARN_INT_CONVERSION = YES;
				CLANG_WARN_OBJC_ROOT_CLASS = YES_ERROR;
				CLANG_WARN_UNREACHABLE_CODE = YES;
				CLANG_WARN__DUPLICATE_METHOD_MATCH = YES;
				"CODE_SIGN_IDENTITY[sdk=iphoneos*]" = "iPhone Developer";
				COPY_PHASE_STRIP = NO;
				DEBUG_INFORMATION_FORMAT = dwarf;
				ENABLE_STRICT_OBJC_MSGSEND = YES;
				ENABLE_TESTABILITY = YES;
				GCC_C_LANGUAGE_STANDARD = gnu99;
				GCC_DYNAMIC_NO_PIC = NO;
				GCC_NO_COMMON_BLOCKS = YES;
				GCC_OPTIMIZATION_LEVEL = 0;
				GCC_PREPROCESSOR_DEFINITIONS = (
					"DEBUG=1",
					"$(inherited)",
				);
				GCC_WARN_64_TO_32_BIT_CONVERSION = YES;
				GCC_WARN_ABOUT_RETURN_TYPE = YES_ERROR;
				GCC_WARN_UNDECLARED_SELECTOR = YES;
				GCC_WARN_UNINITIALIZED_AUTOS = YES_AGGRESSIVE;
				GCC_WARN_UNUSED_FUNCTION = YES;
				GCC_WARN_UNUSED_VARIABLE = YES;
				IPHONEOS_DEPLOYMENT_TARGET = 9.0;
				MTL_ENABLE_DEBUG_INFO = YES;
				ONLY_ACTIVE_ARCH = YES;
				SDKROOT = iphoneos;
				SWIFT_OPTIMIZATION_LEVEL = "-Onone";
			};
			name = Debug;
		};
		F29F75EE1C61459600A6F6DA /* Release */ = {
			isa = XCBuildConfiguration;
			buildSettings = {
				ALWAYS_SEARCH_USER_PATHS = NO;
				CLANG_CXX_LANGUAGE_STANDARD = "gnu++0x";
				CLANG_CXX_LIBRARY = "libc++";
				CLANG_ENABLE_MODULES = YES;
				CLANG_ENABLE_OBJC_ARC = YES;
				CLANG_WARN_BOOL_CONVERSION = YES;
				CLANG_WARN_CONSTANT_CONVERSION = YES;
				CLANG_WARN_DIRECT_OBJC_ISA_USAGE = YES_ERROR;
				CLANG_WARN_EMPTY_BODY = YES;
				CLANG_WARN_ENUM_CONVERSION = YES;
				CLANG_WARN_INT_CONVERSION = YES;
				CLANG_WARN_OBJC_ROOT_CLASS = YES_ERROR;
				CLANG_WARN_UNREACHABLE_CODE = YES;
				CLANG_WARN__DUPLICATE_METHOD_MATCH = YES;
				"CODE_SIGN_IDENTITY[sdk=iphoneos*]" = "iPhone Developer";
				COPY_PHASE_STRIP = NO;
				DEBUG_INFORMATION_FORMAT = "dwarf-with-dsym";
				ENABLE_NS_ASSERTIONS = NO;
				ENABLE_STRICT_OBJC_MSGSEND = YES;
				GCC_C_LANGUAGE_STANDARD = gnu99;
				GCC_NO_COMMON_BLOCKS = YES;
				GCC_WARN_64_TO_32_BIT_CONVERSION = YES;
				GCC_WARN_ABOUT_RETURN_TYPE = YES_ERROR;
				GCC_WARN_UNDECLARED_SELECTOR = YES;
				GCC_WARN_UNINITIALIZED_AUTOS = YES_AGGRESSIVE;
				GCC_WARN_UNUSED_FUNCTION = YES;
				GCC_WARN_UNUSED_VARIABLE = YES;
				IPHONEOS_DEPLOYMENT_TARGET = 9.0;
				MTL_ENABLE_DEBUG_INFO = NO;
				SDKROOT = iphoneos;
				VALIDATE_PRODUCT = YES;
			};
			name = Release;
		};
		F29F75F01C61459600A6F6DA /* Debug */ = {
			isa = XCBuildConfiguration;
			buildSettings = {
				ASSETCATALOG_COMPILER_APPICON_NAME = AppIcon;
				INFOPLIST_FILE = StoreSearch/Info.plist;
				LD_RUNPATH_SEARCH_PATHS = "$(inherited) @executable_path/Frameworks";
				PRODUCT_BUNDLE_IDENTIFIER = co.PiVI.StoreSearch;
				PRODUCT_NAME = "$(TARGET_NAME)";
				TARGETED_DEVICE_FAMILY = "1,2";
			};
			name = Debug;
		};
		F29F75F11C61459600A6F6DA /* Release */ = {
			isa = XCBuildConfiguration;
			buildSettings = {
				ASSETCATALOG_COMPILER_APPICON_NAME = AppIcon;
				INFOPLIST_FILE = StoreSearch/Info.plist;
				LD_RUNPATH_SEARCH_PATHS = "$(inherited) @executable_path/Frameworks";
				PRODUCT_BUNDLE_IDENTIFIER = co.PiVI.StoreSearch;
				PRODUCT_NAME = "$(TARGET_NAME)";
				TARGETED_DEVICE_FAMILY = "1,2";
			};
			name = Release;
		};
/* End XCBuildConfiguration section */

/* Begin XCConfigurationList section */
		F29F75D81C61459600A6F6DA /* Build configuration list for PBXProject "StoreSearch" */ = {
			isa = XCConfigurationList;
			buildConfigurations = (
				F29F75ED1C61459600A6F6DA /* Debug */,
				F29F75EE1C61459600A6F6DA /* Release */,
			);
			defaultConfigurationIsVisible = 0;
			defaultConfigurationName = Release;
		};
		F29F75EF1C61459600A6F6DA /* Build configuration list for PBXNativeTarget "StoreSearch" */ = {
			isa = XCConfigurationList;
			buildConfigurations = (
				F29F75F01C61459600A6F6DA /* Debug */,
				F29F75F11C61459600A6F6DA /* Release */,
			);
			defaultConfigurationIsVisible = 0;
			defaultConfigurationName = Release;
		};
/* End XCConfigurationList section */
	};
	rootObject = F29F75D51C61459600A6F6DA /* Project object */;
}
